// !$*UTF8*$!
{
	archiveVersion = 1;
	classes = {
	};
	objectVersion = 46;
	objects = {

/* Begin PBXBuildFile section */
		A555FBC318BE651E00E4036E /* HERegisterViewController.m in Sources */ = {isa = PBXBuildFile; fileRef = A555FBC218BE651E00E4036E /* HERegisterViewController.m */; };
		A555FBC918BE672100E4036E /* HEActivityIndicatorButton.m in Sources */ = {isa = PBXBuildFile; fileRef = A555FBC618BE672100E4036E /* HEActivityIndicatorButton.m */; };
		A555FBCA18BE672100E4036E /* NSString+Helper.m in Sources */ = {isa = PBXBuildFile; fileRef = A555FBC818BE672100E4036E /* NSString+Helper.m */; };
		A555FBCD18BE688E00E4036E /* HEBasicTableViewController.m in Sources */ = {isa = PBXBuildFile; fileRef = A555FBCC18BE688E00E4036E /* HEBasicTableViewController.m */; };
		A555FBD018BE691700E4036E /* HEHuntListViewController.m in Sources */ = {isa = PBXBuildFile; fileRef = A555FBCF18BE691700E4036E /* HEHuntListViewController.m */; };
		A555FBD318BE69D400E4036E /* BHConstants.m in Sources */ = {isa = PBXBuildFile; fileRef = A555FBD218BE69D400E4036E /* BHConstants.m */; };
		A565ADC41889B83500F66917 /* Foundation.framework in Frameworks */ = {isa = PBXBuildFile; fileRef = A565ADC31889B83500F66917 /* Foundation.framework */; };
		A565ADC61889B83500F66917 /* CoreGraphics.framework in Frameworks */ = {isa = PBXBuildFile; fileRef = A565ADC51889B83500F66917 /* CoreGraphics.framework */; };
		A565ADC81889B83500F66917 /* UIKit.framework in Frameworks */ = {isa = PBXBuildFile; fileRef = A565ADC71889B83500F66917 /* UIKit.framework */; };
		A565ADCE1889B83500F66917 /* InfoPlist.strings in Resources */ = {isa = PBXBuildFile; fileRef = A565ADCC1889B83500F66917 /* InfoPlist.strings */; };
		A565ADD01889B83500F66917 /* main.m in Sources */ = {isa = PBXBuildFile; fileRef = A565ADCF1889B83500F66917 /* main.m */; };
		A565ADD41889B83500F66917 /* HEAppDelegate.m in Sources */ = {isa = PBXBuildFile; fileRef = A565ADD31889B83500F66917 /* HEAppDelegate.m */; };
		A565ADD71889B83500F66917 /* Main.storyboard in Resources */ = {isa = PBXBuildFile; fileRef = A565ADD51889B83500F66917 /* Main.storyboard */; };
		A565ADDC1889B83500F66917 /* Images.xcassets in Resources */ = {isa = PBXBuildFile; fileRef = A565ADDB1889B83500F66917 /* Images.xcassets */; };
		A565ADE31889B83500F66917 /* XCTest.framework in Frameworks */ = {isa = PBXBuildFile; fileRef = A565ADE21889B83500F66917 /* XCTest.framework */; };
		A565ADE41889B83500F66917 /* Foundation.framework in Frameworks */ = {isa = PBXBuildFile; fileRef = A565ADC31889B83500F66917 /* Foundation.framework */; };
		A565ADE51889B83500F66917 /* UIKit.framework in Frameworks */ = {isa = PBXBuildFile; fileRef = A565ADC71889B83500F66917 /* UIKit.framework */; };
		A565ADED1889B83500F66917 /* InfoPlist.strings in Resources */ = {isa = PBXBuildFile; fileRef = A565ADEB1889B83500F66917 /* InfoPlist.strings */; };
		A565ADEF1889B83500F66917 /* BeaconHuntTests.m in Sources */ = {isa = PBXBuildFile; fileRef = A565ADEE1889B83500F66917 /* BeaconHuntTests.m */; };
		A565ADFD1889BB4200F66917 /* HECloseRangeRadarViewController.m in Sources */ = {isa = PBXBuildFile; fileRef = A565ADFC1889BB4200F66917 /* HECloseRangeRadarViewController.m */; };
		A565AE001889C71D00F66917 /* HELongRangeRadarViewController.m in Sources */ = {isa = PBXBuildFile; fileRef = A565ADFF1889C71D00F66917 /* HELongRangeRadarViewController.m */; };
		BBD7A828B40248BB977EB28F /* libPods.a in Frameworks */ = {isa = PBXBuildFile; fileRef = 5081DD72E3464BA6B1951769 /* libPods.a */; };
/* End PBXBuildFile section */

/* Begin PBXContainerItemProxy section */
		A565ADE61889B83500F66917 /* PBXContainerItemProxy */ = {
			isa = PBXContainerItemProxy;
			containerPortal = A565ADB81889B83500F66917 /* Project object */;
			proxyType = 1;
			remoteGlobalIDString = A565ADBF1889B83500F66917;
			remoteInfo = BeaconHunt;
		};
/* End PBXContainerItemProxy section */

/* Begin PBXFileReference section */
		5081DD72E3464BA6B1951769 /* libPods.a */ = {isa = PBXFileReference; explicitFileType = archive.ar; includeInIndex = 0; path = libPods.a; sourceTree = BUILT_PRODUCTS_DIR; };
		A555FBC118BE651E00E4036E /* HERegisterViewController.h */ = {isa = PBXFileReference; fileEncoding = 4; lastKnownFileType = sourcecode.c.h; path = HERegisterViewController.h; sourceTree = "<group>"; };
		A555FBC218BE651E00E4036E /* HERegisterViewController.m */ = {isa = PBXFileReference; fileEncoding = 4; lastKnownFileType = sourcecode.c.objc; path = HERegisterViewController.m; sourceTree = "<group>"; };
		A555FBC518BE672100E4036E /* HEActivityIndicatorButton.h */ = {isa = PBXFileReference; fileEncoding = 4; lastKnownFileType = sourcecode.c.h; name = HEActivityIndicatorButton.h; path = ../../HECommonClassesIOS/HEActivityIndicatorButton.h; sourceTree = "<group>"; };
		A555FBC618BE672100E4036E /* HEActivityIndicatorButton.m */ = {isa = PBXFileReference; fileEncoding = 4; lastKnownFileType = sourcecode.c.objc; name = HEActivityIndicatorButton.m; path = ../../HECommonClassesIOS/HEActivityIndicatorButton.m; sourceTree = "<group>"; };
		A555FBC718BE672100E4036E /* NSString+Helper.h */ = {isa = PBXFileReference; fileEncoding = 4; lastKnownFileType = sourcecode.c.h; name = "NSString+Helper.h"; path = "../../HECommonClassesIOS/NSString+Helper.h"; sourceTree = "<group>"; };
		A555FBC818BE672100E4036E /* NSString+Helper.m */ = {isa = PBXFileReference; fileEncoding = 4; lastKnownFileType = sourcecode.c.objc; name = "NSString+Helper.m"; path = "../../HECommonClassesIOS/NSString+Helper.m"; sourceTree = "<group>"; };
		A555FBCB18BE688E00E4036E /* HEBasicTableViewController.h */ = {isa = PBXFileReference; fileEncoding = 4; lastKnownFileType = sourcecode.c.h; path = HEBasicTableViewController.h; sourceTree = "<group>"; };
		A555FBCC18BE688E00E4036E /* HEBasicTableViewController.m */ = {isa = PBXFileReference; fileEncoding = 4; lastKnownFileType = sourcecode.c.objc; path = HEBasicTableViewController.m; sourceTree = "<group>"; };
		A555FBCE18BE691700E4036E /* HEHuntListViewController.h */ = {isa = PBXFileReference; fileEncoding = 4; lastKnownFileType = sourcecode.c.h; path = HEHuntListViewController.h; sourceTree = "<group>"; };
		A555FBCF18BE691700E4036E /* HEHuntListViewController.m */ = {isa = PBXFileReference; fileEncoding = 4; lastKnownFileType = sourcecode.c.objc; path = HEHuntListViewController.m; sourceTree = "<group>"; };
		A555FBD118BE69D400E4036E /* BHConstants.h */ = {isa = PBXFileReference; fileEncoding = 4; lastKnownFileType = sourcecode.c.h; path = BHConstants.h; sourceTree = "<group>"; };
		A555FBD218BE69D400E4036E /* BHConstants.m */ = {isa = PBXFileReference; fileEncoding = 4; lastKnownFileType = sourcecode.c.objc; path = BHConstants.m; sourceTree = "<group>"; };
		A565ADC01889B83500F66917 /* BeaconHunt.app */ = {isa = PBXFileReference; explicitFileType = wrapper.application; includeInIndex = 0; path = BeaconHunt.app; sourceTree = BUILT_PRODUCTS_DIR; };
		A565ADC31889B83500F66917 /* Foundation.framework */ = {isa = PBXFileReference; lastKnownFileType = wrapper.framework; name = Foundation.framework; path = System/Library/Frameworks/Foundation.framework; sourceTree = SDKROOT; };
		A565ADC51889B83500F66917 /* CoreGraphics.framework */ = {isa = PBXFileReference; lastKnownFileType = wrapper.framework; name = CoreGraphics.framework; path = System/Library/Frameworks/CoreGraphics.framework; sourceTree = SDKROOT; };
		A565ADC71889B83500F66917 /* UIKit.framework */ = {isa = PBXFileReference; lastKnownFileType = wrapper.framework; name = UIKit.framework; path = System/Library/Frameworks/UIKit.framework; sourceTree = SDKROOT; };
		A565ADCB1889B83500F66917 /* BeaconHunt-Info.plist */ = {isa = PBXFileReference; lastKnownFileType = text.plist.xml; path = "BeaconHunt-Info.plist"; sourceTree = "<group>"; };
		A565ADCD1889B83500F66917 /* en */ = {isa = PBXFileReference; lastKnownFileType = text.plist.strings; name = en; path = en.lproj/InfoPlist.strings; sourceTree = "<group>"; };
		A565ADCF1889B83500F66917 /* main.m */ = {isa = PBXFileReference; lastKnownFileType = sourcecode.c.objc; path = main.m; sourceTree = "<group>"; };
		A565ADD11889B83500F66917 /* BeaconHunt-Prefix.pch */ = {isa = PBXFileReference; lastKnownFileType = sourcecode.c.h; path = "BeaconHunt-Prefix.pch"; sourceTree = "<group>"; };
		A565ADD21889B83500F66917 /* HEAppDelegate.h */ = {isa = PBXFileReference; lastKnownFileType = sourcecode.c.h; path = HEAppDelegate.h; sourceTree = "<group>"; };
		A565ADD31889B83500F66917 /* HEAppDelegate.m */ = {isa = PBXFileReference; lastKnownFileType = sourcecode.c.objc; path = HEAppDelegate.m; sourceTree = "<group>"; };
		A565ADD61889B83500F66917 /* Base */ = {isa = PBXFileReference; lastKnownFileType = file.storyboard; name = Base; path = Base.lproj/Main.storyboard; sourceTree = "<group>"; };
		A565ADDB1889B83500F66917 /* Images.xcassets */ = {isa = PBXFileReference; lastKnownFileType = folder.assetcatalog; path = Images.xcassets; sourceTree = "<group>"; };
		A565ADE11889B83500F66917 /* BeaconHuntTests.xctest */ = {isa = PBXFileReference; explicitFileType = wrapper.cfbundle; includeInIndex = 0; path = BeaconHuntTests.xctest; sourceTree = BUILT_PRODUCTS_DIR; };
		A565ADE21889B83500F66917 /* XCTest.framework */ = {isa = PBXFileReference; lastKnownFileType = wrapper.framework; name = XCTest.framework; path = Library/Frameworks/XCTest.framework; sourceTree = DEVELOPER_DIR; };
		A565ADEA1889B83500F66917 /* BeaconHuntTests-Info.plist */ = {isa = PBXFileReference; lastKnownFileType = text.plist.xml; path = "BeaconHuntTests-Info.plist"; sourceTree = "<group>"; };
		A565ADEC1889B83500F66917 /* en */ = {isa = PBXFileReference; lastKnownFileType = text.plist.strings; name = en; path = en.lproj/InfoPlist.strings; sourceTree = "<group>"; };
		A565ADEE1889B83500F66917 /* BeaconHuntTests.m */ = {isa = PBXFileReference; lastKnownFileType = sourcecode.c.objc; path = BeaconHuntTests.m; sourceTree = "<group>"; };
		A565ADFB1889BB4200F66917 /* HECloseRangeRadarViewController.h */ = {isa = PBXFileReference; fileEncoding = 4; lastKnownFileType = sourcecode.c.h; path = HECloseRangeRadarViewController.h; sourceTree = "<group>"; };
		A565ADFC1889BB4200F66917 /* HECloseRangeRadarViewController.m */ = {isa = PBXFileReference; fileEncoding = 4; lastKnownFileType = sourcecode.c.objc; path = HECloseRangeRadarViewController.m; sourceTree = "<group>"; };
		A565ADFE1889C71D00F66917 /* HELongRangeRadarViewController.h */ = {isa = PBXFileReference; fileEncoding = 4; lastKnownFileType = sourcecode.c.h; path = HELongRangeRadarViewController.h; sourceTree = "<group>"; };
		A565ADFF1889C71D00F66917 /* HELongRangeRadarViewController.m */ = {isa = PBXFileReference; fileEncoding = 4; lastKnownFileType = sourcecode.c.objc; path = HELongRangeRadarViewController.m; sourceTree = "<group>"; };
		B7B721683620446990FCC499 /* Pods.xcconfig */ = {isa = PBXFileReference; includeInIndex = 1; lastKnownFileType = text.xcconfig; name = Pods.xcconfig; path = Pods/Pods.xcconfig; sourceTree = "<group>"; };
/* End PBXFileReference section */

/* Begin PBXFrameworksBuildPhase section */
		A565ADBD1889B83500F66917 /* Frameworks */ = {
			isa = PBXFrameworksBuildPhase;
			buildActionMask = 2147483647;
			files = (
				A565ADC61889B83500F66917 /* CoreGraphics.framework in Frameworks */,
				A565ADC81889B83500F66917 /* UIKit.framework in Frameworks */,
				A565ADC41889B83500F66917 /* Foundation.framework in Frameworks */,
				BBD7A828B40248BB977EB28F /* libPods.a in Frameworks */,
			);
			runOnlyForDeploymentPostprocessing = 0;
		};
		A565ADDE1889B83500F66917 /* Frameworks */ = {
			isa = PBXFrameworksBuildPhase;
			buildActionMask = 2147483647;
			files = (
				A565ADE31889B83500F66917 /* XCTest.framework in Frameworks */,
				A565ADE51889B83500F66917 /* UIKit.framework in Frameworks */,
				A565ADE41889B83500F66917 /* Foundation.framework in Frameworks */,
			);
			runOnlyForDeploymentPostprocessing = 0;
		};
/* End PBXFrameworksBuildPhase section */

/* Begin PBXGroup section */
		A555FBC418BE666F00E4036E /* Common Classes */ = {
			isa = PBXGroup;
			children = (
				A555FBCB18BE688E00E4036E /* HEBasicTableViewController.h */,
				A555FBCC18BE688E00E4036E /* HEBasicTableViewController.m */,
				A555FBC518BE672100E4036E /* HEActivityIndicatorButton.h */,
				A555FBC618BE672100E4036E /* HEActivityIndicatorButton.m */,
				A555FBC718BE672100E4036E /* NSString+Helper.h */,
				A555FBC818BE672100E4036E /* NSString+Helper.m */,
			);
			name = "Common Classes";
			sourceTree = "<group>";
		};
		A565ADB71889B83500F66917 = {
			isa = PBXGroup;
			children = (
				A565ADC91889B83500F66917 /* BeaconHunt */,
				A565ADE81889B83500F66917 /* BeaconHuntTests */,
				A565ADC21889B83500F66917 /* Frameworks */,
				A565ADC11889B83500F66917 /* Products */,
				B7B721683620446990FCC499 /* Pods.xcconfig */,
			);
			sourceTree = "<group>";
		};
		A565ADC11889B83500F66917 /* Products */ = {
			isa = PBXGroup;
			children = (
				A565ADC01889B83500F66917 /* BeaconHunt.app */,
				A565ADE11889B83500F66917 /* BeaconHuntTests.xctest */,
			);
			name = Products;
			sourceTree = "<group>";
		};
		A565ADC21889B83500F66917 /* Frameworks */ = {
			isa = PBXGroup;
			children = (
				A565ADC31889B83500F66917 /* Foundation.framework */,
				A565ADC51889B83500F66917 /* CoreGraphics.framework */,
				A565ADC71889B83500F66917 /* UIKit.framework */,
				A565ADE21889B83500F66917 /* XCTest.framework */,
				5081DD72E3464BA6B1951769 /* libPods.a */,
			);
			name = Frameworks;
			sourceTree = "<group>";
		};
		A565ADC91889B83500F66917 /* BeaconHunt */ = {
			isa = PBXGroup;
			children = (
				A565ADDB1889B83500F66917 /* Images.xcassets */,
				A565ADCA1889B83500F66917 /* Supporting Files */,
				A555FBC418BE666F00E4036E /* Common Classes */,
				A565ADF81889B84C00F66917 /* Model */,
				A565ADF91889B85A00F66917 /* View */,
				A565ADFA1889B86200F66917 /* Controller */,
				A565ADD51889B83500F66917 /* Main.storyboard */,
				A565ADD21889B83500F66917 /* HEAppDelegate.h */,
				A565ADD31889B83500F66917 /* HEAppDelegate.m */,
			);
			path = BeaconHunt;
			sourceTree = "<group>";
		};
		A565ADCA1889B83500F66917 /* Supporting Files */ = {
			isa = PBXGroup;
			children = (
				A565ADCB1889B83500F66917 /* BeaconHunt-Info.plist */,
				A565ADCC1889B83500F66917 /* InfoPlist.strings */,
				A565ADCF1889B83500F66917 /* main.m */,
				A565ADD11889B83500F66917 /* BeaconHunt-Prefix.pch */,
				A555FBD118BE69D400E4036E /* BHConstants.h */,
				A555FBD218BE69D400E4036E /* BHConstants.m */,
			);
			name = "Supporting Files";
			sourceTree = "<group>";
		};
		A565ADE81889B83500F66917 /* BeaconHuntTests */ = {
			isa = PBXGroup;
			children = (
				A565ADEE1889B83500F66917 /* BeaconHuntTests.m */,
				A565ADE91889B83500F66917 /* Supporting Files */,
			);
			path = BeaconHuntTests;
			sourceTree = "<group>";
		};
		A565ADE91889B83500F66917 /* Supporting Files */ = {
			isa = PBXGroup;
			children = (
				A565ADEA1889B83500F66917 /* BeaconHuntTests-Info.plist */,
				A565ADEB1889B83500F66917 /* InfoPlist.strings */,
			);
			name = "Supporting Files";
			sourceTree = "<group>";
		};
		A565ADF81889B84C00F66917 /* Model */ = {
			isa = PBXGroup;
			children = (
			);
			name = Model;
			sourceTree = "<group>";
		};
		A565ADF91889B85A00F66917 /* View */ = {
			isa = PBXGroup;
			children = (
			);
			name = View;
			sourceTree = "<group>";
		};
		A565ADFA1889B86200F66917 /* Controller */ = {
			isa = PBXGroup;
			children = (
				A565ADFB1889BB4200F66917 /* HECloseRangeRadarViewController.h */,
				A565ADFC1889BB4200F66917 /* HECloseRangeRadarViewController.m */,
				A565ADFE1889C71D00F66917 /* HELongRangeRadarViewController.h */,
				A565ADFF1889C71D00F66917 /* HELongRangeRadarViewController.m */,
				A555FBC118BE651E00E4036E /* HERegisterViewController.h */,
				A555FBC218BE651E00E4036E /* HERegisterViewController.m */,
				A555FBCE18BE691700E4036E /* HEHuntListViewController.h */,
				A555FBCF18BE691700E4036E /* HEHuntListViewController.m */,
			);
			name = Controller;
			sourceTree = "<group>";
		};
/* End PBXGroup section */

/* Begin PBXNativeTarget section */
		A565ADBF1889B83500F66917 /* BeaconHunt */ = {
			isa = PBXNativeTarget;
			buildConfigurationList = A565ADF21889B83500F66917 /* Build configuration list for PBXNativeTarget "BeaconHunt" */;
			buildPhases = (
				6C6737121820442CB3BDC614 /* Check Pods Manifest.lock */,
				A565ADBC1889B83500F66917 /* Sources */,
				A565ADBD1889B83500F66917 /* Frameworks */,
				A565ADBE1889B83500F66917 /* Resources */,
				01AD07A769E944639026A123 /* Copy Pods Resources */,
			);
			buildRules = (
			);
			dependencies = (
			);
			name = BeaconHunt;
			productName = BeaconHunt;
			productReference = A565ADC01889B83500F66917 /* BeaconHunt.app */;
			productType = "com.apple.product-type.application";
		};
		A565ADE01889B83500F66917 /* BeaconHuntTests */ = {
			isa = PBXNativeTarget;
			buildConfigurationList = A565ADF51889B83500F66917 /* Build configuration list for PBXNativeTarget "BeaconHuntTests" */;
			buildPhases = (
				A565ADDD1889B83500F66917 /* Sources */,
				A565ADDE1889B83500F66917 /* Frameworks */,
				A565ADDF1889B83500F66917 /* Resources */,
			);
			buildRules = (
			);
			dependencies = (
				A565ADE71889B83500F66917 /* PBXTargetDependency */,
			);
			name = BeaconHuntTests;
			productName = BeaconHuntTests;
			productReference = A565ADE11889B83500F66917 /* BeaconHuntTests.xctest */;
			productType = "com.apple.product-type.bundle.unit-test";
		};
/* End PBXNativeTarget section */

/* Begin PBXProject section */
		A565ADB81889B83500F66917 /* Project object */ = {
			isa = PBXProject;
			attributes = {
				CLASSPREFIX = HE;
				LastUpgradeCheck = 0500;
				ORGANIZATIONNAME = "HE:mobile";
				TargetAttributes = {
					A565ADBF1889B83500F66917 = {
						DevelopmentTeam = Q4GAXD7V7F;
					};
					A565ADE01889B83500F66917 = {
						TestTargetID = A565ADBF1889B83500F66917;
					};
				};
			};
			buildConfigurationList = A565ADBB1889B83500F66917 /* Build configuration list for PBXProject "BeaconHunt" */;
			compatibilityVersion = "Xcode 3.2";
			developmentRegion = English;
			hasScannedForEncodings = 0;
			knownRegions = (
				en,
				Base,
			);
			mainGroup = A565ADB71889B83500F66917;
			productRefGroup = A565ADC11889B83500F66917 /* Products */;
			projectDirPath = "";
			projectRoot = "";
			targets = (
				A565ADBF1889B83500F66917 /* BeaconHunt */,
				A565ADE01889B83500F66917 /* BeaconHuntTests */,
			);
		};
/* End PBXProject section */

/* Begin PBXResourcesBuildPhase section */
		A565ADBE1889B83500F66917 /* Resources */ = {
			isa = PBXResourcesBuildPhase;
			buildActionMask = 2147483647;
			files = (
				A565ADDC1889B83500F66917 /* Images.xcassets in Resources */,
				A565ADCE1889B83500F66917 /* InfoPlist.strings in Resources */,
				A565ADD71889B83500F66917 /* Main.storyboard in Resources */,
			);
			runOnlyForDeploymentPostprocessing = 0;
		};
		A565ADDF1889B83500F66917 /* Resources */ = {
			isa = PBXResourcesBuildPhase;
			buildActionMask = 2147483647;
			files = (
				A565ADED1889B83500F66917 /* InfoPlist.strings in Resources */,
			);
			runOnlyForDeploymentPostprocessing = 0;
		};
/* End PBXResourcesBuildPhase section */

/* Begin PBXShellScriptBuildPhase section */
		01AD07A769E944639026A123 /* Copy Pods Resources */ = {
			isa = PBXShellScriptBuildPhase;
			buildActionMask = 2147483647;
			files = (
			);
			inputPaths = (
			);
			name = "Copy Pods Resources";
			outputPaths = (
			);
			runOnlyForDeploymentPostprocessing = 0;
			shellPath = /bin/sh;
			shellScript = "\"${SRCROOT}/Pods/Pods-resources.sh\"\n";
			showEnvVarsInLog = 0;
		};
		6C6737121820442CB3BDC614 /* Check Pods Manifest.lock */ = {
			isa = PBXShellScriptBuildPhase;
			buildActionMask = 2147483647;
			files = (
			);
			inputPaths = (
			);
			name = "Check Pods Manifest.lock";
			outputPaths = (
			);
			runOnlyForDeploymentPostprocessing = 0;
			shellPath = /bin/sh;
			shellScript = "diff \"${PODS_ROOT}/../Podfile.lock\" \"${PODS_ROOT}/Manifest.lock\" > /dev/null\nif [[ $? != 0 ]] ; then\n    cat << EOM\nerror: The sandbox is not in sync with the Podfile.lock. Run 'pod install' or update your CocoaPods installation.\nEOM\n    exit 1\nfi\n";
			showEnvVarsInLog = 0;
		};
/* End PBXShellScriptBuildPhase section */

/* Begin PBXSourcesBuildPhase section */
		A565ADBC1889B83500F66917 /* Sources */ = {
			isa = PBXSourcesBuildPhase;
			buildActionMask = 2147483647;
			files = (
				A555FBC318BE651E00E4036E /* HERegisterViewController.m in Sources */,
				A555FBC918BE672100E4036E /* HEActivityIndicatorButton.m in Sources */,
				A565AE001889C71D00F66917 /* HELongRangeRadarViewController.m in Sources */,
				A555FBD318BE69D400E4036E /* BHConstants.m in Sources */,
				A565ADD01889B83500F66917 /* main.m in Sources */,
				A565ADFD1889BB4200F66917 /* HECloseRangeRadarViewController.m in Sources */,
				A555FBCD18BE688E00E4036E /* HEBasicTableViewController.m in Sources */,
				A555FBD018BE691700E4036E /* HEHuntListViewController.m in Sources */,
				A565ADD41889B83500F66917 /* HEAppDelegate.m in Sources */,
				A555FBCA18BE672100E4036E /* NSString+Helper.m in Sources */,
			);
			runOnlyForDeploymentPostprocessing = 0;
		};
		A565ADDD1889B83500F66917 /* Sources */ = {
			isa = PBXSourcesBuildPhase;
			buildActionMask = 2147483647;
			files = (
				A565ADEF1889B83500F66917 /* BeaconHuntTests.m in Sources */,
			);
			runOnlyForDeploymentPostprocessing = 0;
		};
/* End PBXSourcesBuildPhase section */

/* Begin PBXTargetDependency section */
		A565ADE71889B83500F66917 /* PBXTargetDependency */ = {
			isa = PBXTargetDependency;
			target = A565ADBF1889B83500F66917 /* BeaconHunt */;
			targetProxy = A565ADE61889B83500F66917 /* PBXContainerItemProxy */;
		};
/* End PBXTargetDependency section */

/* Begin PBXVariantGroup section */
		A565ADCC1889B83500F66917 /* InfoPlist.strings */ = {
			isa = PBXVariantGroup;
			children = (
				A565ADCD1889B83500F66917 /* en */,
			);
			name = InfoPlist.strings;
			sourceTree = "<group>";
		};
		A565ADD51889B83500F66917 /* Main.storyboard */ = {
			isa = PBXVariantGroup;
			children = (
				A565ADD61889B83500F66917 /* Base */,
			);
			name = Main.storyboard;
			sourceTree = "<group>";
		};
		A565ADEB1889B83500F66917 /* InfoPlist.strings */ = {
			isa = PBXVariantGroup;
			children = (
				A565ADEC1889B83500F66917 /* en */,
			);
			name = InfoPlist.strings;
			sourceTree = "<group>";
		};
/* End PBXVariantGroup section */

/* Begin XCBuildConfiguration section */
		A565ADF01889B83500F66917 /* Debug */ = {
			isa = XCBuildConfiguration;
			buildSettings = {
				ALWAYS_SEARCH_USER_PATHS = NO;
				ARCHS = "$(ARCHS_STANDARD_INCLUDING_64_BIT)";
				CLANG_CXX_LANGUAGE_STANDARD = "gnu++0x";
				CLANG_CXX_LIBRARY = "libc++";
				CLANG_ENABLE_MODULES = YES;
				CLANG_ENABLE_OBJC_ARC = YES;
				CLANG_WARN_BOOL_CONVERSION = YES;
				CLANG_WARN_CONSTANT_CONVERSION = YES;
				CLANG_WARN_DIRECT_OBJC_ISA_USAGE = YES_ERROR;
				CLANG_WARN_EMPTY_BODY = YES;
				CLANG_WARN_ENUM_CONVERSION = YES;
				CLANG_WARN_INT_CONVERSION = YES;
				CLANG_WARN_OBJC_ROOT_CLASS = YES_ERROR;
				CLANG_WARN__DUPLICATE_METHOD_MATCH = YES;
				"CODE_SIGN_IDENTITY[sdk=iphoneos*]" = "iPhone Developer";
				COPY_PHASE_STRIP = NO;
				GCC_C_LANGUAGE_STANDARD = gnu99;
				GCC_DYNAMIC_NO_PIC = NO;
				GCC_OPTIMIZATION_LEVEL = 0;
				GCC_PREPROCESSOR_DEFINITIONS = (
					"DEBUG=1",
					"$(inherited)",
				);
				GCC_SYMBOLS_PRIVATE_EXTERN = NO;
				GCC_WARN_64_TO_32_BIT_CONVERSION = YES;
				GCC_WARN_ABOUT_RETURN_TYPE = YES_ERROR;
				GCC_WARN_UNDECLARED_SELECTOR = YES;
				GCC_WARN_UNINITIALIZED_AUTOS = YES;
				GCC_WARN_UNUSED_FUNCTION = YES;
				GCC_WARN_UNUSED_VARIABLE = YES;
				IPHONEOS_DEPLOYMENT_TARGET = 7.0;
				ONLY_ACTIVE_ARCH = YES;
				SDKROOT = iphoneos;
			};
			name = Debug;
		};
		A565ADF11889B83500F66917 /* Release */ = {
			isa = XCBuildConfiguration;
			buildSettings = {
				ALWAYS_SEARCH_USER_PATHS = NO;
				ARCHS = "$(ARCHS_STANDARD_INCLUDING_64_BIT)";
				CLANG_CXX_LANGUAGE_STANDARD = "gnu++0x";
				CLANG_CXX_LIBRARY = "libc++";
				CLANG_ENABLE_MODULES = YES;
				CLANG_ENABLE_OBJC_ARC = YES;
				CLANG_WARN_BOOL_CONVERSION = YES;
				CLANG_WARN_CONSTANT_CONVERSION = YES;
				CLANG_WARN_DIRECT_OBJC_ISA_USAGE = YES_ERROR;
				CLANG_WARN_EMPTY_BODY = YES;
				CLANG_WARN_ENUM_CONVERSION = YES;
				CLANG_WARN_INT_CONVERSION = YES;
				CLANG_WARN_OBJC_ROOT_CLASS = YES_ERROR;
				CLANG_WARN__DUPLICATE_METHOD_MATCH = YES;
				"CODE_SIGN_IDENTITY[sdk=iphoneos*]" = "iPhone Developer";
				COPY_PHASE_STRIP = YES;
				ENABLE_NS_ASSERTIONS = NO;
				GCC_C_LANGUAGE_STANDARD = gnu99;
				GCC_WARN_64_TO_32_BIT_CONVERSION = YES;
				GCC_WARN_ABOUT_RETURN_TYPE = YES_ERROR;
				GCC_WARN_UNDECLARED_SELECTOR = YES;
				GCC_WARN_UNINITIALIZED_AUTOS = YES;
				GCC_WARN_UNUSED_FUNCTION = YES;
				GCC_WARN_UNUSED_VARIABLE = YES;
				IPHONEOS_DEPLOYMENT_TARGET = 7.0;
				SDKROOT = iphoneos;
				VALIDATE_PRODUCT = YES;
			};
			name = Release;
		};
		A565ADF31889B83500F66917 /* Debug */ = {
			isa = XCBuildConfiguration;
			baseConfigurationReference = B7B721683620446990FCC499 /* Pods.xcconfig */;
			buildSettings = {
				ASSETCATALOG_COMPILER_APPICON_NAME = AppIcon;
				ASSETCATALOG_COMPILER_LAUNCHIMAGE_NAME = LaunchImage;
				CODE_SIGN_IDENTITY = "iPhone Developer";
				"CODE_SIGN_IDENTITY[sdk=iphoneos*]" = "iPhone Developer";
				GCC_PRECOMPILE_PREFIX_HEADER = YES;
				GCC_PREFIX_HEADER = "BeaconHunt/BeaconHunt-Prefix.pch";
				INFOPLIST_FILE = "BeaconHunt/BeaconHunt-Info.plist";
				PRODUCT_NAME = "$(TARGET_NAME)";
				PROVISIONING_PROFILE = "";
				WRAPPER_EXTENSION = app;
			};
			name = Debug;
		};
		A565ADF41889B83500F66917 /* Release */ = {
			isa = XCBuildConfiguration;
			baseConfigurationReference = B7B721683620446990FCC499 /* Pods.xcconfig */;
			buildSettings = {
				ASSETCATALOG_COMPILER_APPICON_NAME = AppIcon;
				ASSETCATALOG_COMPILER_LAUNCHIMAGE_NAME = LaunchImage;
				CODE_SIGN_IDENTITY = "iPhone Developer";
				"CODE_SIGN_IDENTITY[sdk=iphoneos*]" = "iPhone Developer";
				GCC_PRECOMPILE_PREFIX_HEADER = YES;
				GCC_PREFIX_HEADER = "BeaconHunt/BeaconHunt-Prefix.pch";
				INFOPLIST_FILE = "BeaconHunt/BeaconHunt-Info.plist";
				PRODUCT_NAME = "$(TARGET_NAME)";
				PROVISIONING_PROFILE = "";
				WRAPPER_EXTENSION = app;
			};
			name = Release;
		};
		A565ADF61889B83500F66917 /* Debug */ = {
			isa = XCBuildConfiguration;
			buildSettings = {
				ARCHS = "$(ARCHS_STANDARD_INCLUDING_64_BIT)";
				BUNDLE_LOADER = "$(BUILT_PRODUCTS_DIR)/BeaconHunt.app/BeaconHunt";
				FRAMEWORK_SEARCH_PATHS = (
					"$(SDKROOT)/Developer/Library/Frameworks",
					"$(inherited)",
					"$(DEVELOPER_FRAMEWORKS_DIR)",
				);
				GCC_PRECOMPILE_PREFIX_HEADER = YES;
				GCC_PREFIX_HEADER = "BeaconHunt/BeaconHunt-Prefix.pch";
				GCC_PREPROCESSOR_DEFINITIONS = (
					"DEBUG=1",
					"$(inherited)",
				);
				INFOPLIST_FILE = "BeaconHuntTests/BeaconHuntTests-Info.plist";
				PRODUCT_NAME = "$(TARGET_NAME)";
				TEST_HOST = "$(BUNDLE_LOADER)";
				WRAPPER_EXTENSION = xctest;
			};
			name = Debug;
		};
		A565ADF71889B83500F66917 /* Release */ = {
			isa = XCBuildConfiguration;
			buildSettings = {
				ARCHS = "$(ARCHS_STANDARD_INCLUDING_64_BIT)";
				BUNDLE_LOADER = "$(BUILT_PRODUCTS_DIR)/BeaconHunt.app/BeaconHunt";
				FRAMEWORK_SEARCH_PATHS = (
					"$(SDKROOT)/Developer/Library/Frameworks",
					"$(inherited)",
					"$(DEVELOPER_FRAMEWORKS_DIR)",
				);
				GCC_PRECOMPILE_PREFIX_HEADER = YES;
				GCC_PREFIX_HEADER = "BeaconHunt/BeaconHunt-Prefix.pch";
				INFOPLIST_FILE = "BeaconHuntTests/BeaconHuntTests-Info.plist";
				PRODUCT_NAME = "$(TARGET_NAME)";
				TEST_HOST = "$(BUNDLE_LOADER)";
				WRAPPER_EXTENSION = xctest;
			};
			name = Release;
		};
/* End XCBuildConfiguration section */

/* Begin XCConfigurationList section */
		A565ADBB1889B83500F66917 /* Build configuration list for PBXProject "BeaconHunt" */ = {
			isa = XCConfigurationList;
			buildConfigurations = (
				A565ADF01889B83500F66917 /* Debug */,
				A565ADF11889B83500F66917 /* Release */,
			);
			defaultConfigurationIsVisible = 0;
			defaultConfigurationName = Release;
		};
		A565ADF21889B83500F66917 /* Build configuration list for PBXNativeTarget "BeaconHunt" */ = {
			isa = XCConfigurationList;
			buildConfigurations = (
				A565ADF31889B83500F66917 /* Debug */,
				A565ADF41889B83500F66917 /* Release */,
			);
			defaultConfigurationIsVisible = 0;
			defaultConfigurationName = Release;
		};
		A565ADF51889B83500F66917 /* Build configuration list for PBXNativeTarget "BeaconHuntTests" */ = {
			isa = XCConfigurationList;
			buildConfigurations = (
				A565ADF61889B83500F66917 /* Debug */,
				A565ADF71889B83500F66917 /* Release */,
			);
			defaultConfigurationIsVisible = 0;
			defaultConfigurationName = Release;
		};
/* End XCConfigurationList section */
	};
	rootObject = A565ADB81889B83500F66917 /* Project object */;
}
